
Microsoft Visual Studio Solution File, Format Version 12.00
# Visual Studio Version 16
VisualStudioVersion = 16.0.30104.148
MinimumVisualStudioVersion = 10.0.40219.1
Project("{FAE04EC0-301F-11D3-BF4B-00C04F79EFBC}") = "1.1.1 RECTANGLE", "1.1.1 RECTANGLE.csproj", "{656E08B4-33B5-4102-91BE-7323BD148C6F}"
EndProject
Global
	GlobalSection(SolutionConfigurationPlatforms) = preSolution
		Debug|Any CPU = Debug|Any CPU
		Release|Any CPU = Release|Any CPU
	EndGlobalSection
	GlobalSection(ProjectConfigurationPlatforms) = postSolution
		{656E08B4-33B5-4102-91BE-7323BD148C6F}.Debug|Any CPU.ActiveCfg = Debug|Any CPU
		{656E08B4-33B5-4102-91BE-7323BD148C6F}.Debug|Any CPU.Build.0 = Debug|Any CPU
		{656E08B4-33B5-4102-91BE-7323BD148C6F}.Release|Any CPU.ActiveCfg = Release|Any CPU
		{656E08B4-33B5-4102-91BE-7323BD148C6F}.Release|Any CPU.Build.0 = Release|Any CPU
	EndGlobalSection
	GlobalSection(SolutionProperties) = preSolution
		HideSolutionNode = FALSE
	EndGlobalSection
	GlobalSection(ExtensibilityGlobals) = postSolution
		SolutionGuid = {69038E8A-D5F2-4183-BFA1-08E49244BE9D}
	EndGlobalSection
EndGlobal
